
Microsoft Visual Studio Solution File, Format Version 12.00
# Visual Studio 15
VisualStudioVersion = 15.0.26124.0
MinimumVisualStudioVersion = 15.0.26124.0
Project("{2150E333-8FDC-42A3-9474-1A3956D46DE8}") = "src", "src", "{BA8EF7A9-D7B8-4AA0-9A01-477790FBB574}"
EndProject
Project("{FAE04EC0-301F-11D3-BF4B-00C04F79EFBC}") = "HelloWorld", "src\HelloWorld\HelloWorld.csproj", "{1024FF3E-6879-454F-9CD9-E3818DDB94A2}"
EndProject
Project("{2150E333-8FDC-42A3-9474-1A3956D46DE8}") = "test", "test", "{A72A830F-E0F9-4317-B6CA-315EA1EA4F47}"
EndProject
Project("{FAE04EC0-301F-11D3-BF4B-00C04F79EFBC}") = "HelloWorld.Tests", "test\HelloWorld.Tests\HelloWorld.Tests.csproj", "{3890065C-A060-414E-8C4E-665D3CB74F9D}"
EndProject
Global
	GlobalSection(SolutionConfigurationPlatforms) = preSolution
		Debug|Any CPU = Debug|Any CPU
		Debug|x64 = Debug|x64
		Debug|x86 = Debug|x86
		Release|Any CPU = Release|Any CPU
		Release|x64 = Release|x64
		Release|x86 = Release|x86
	EndGlobalSection
	GlobalSection(SolutionProperties) = preSolution
		HideSolutionNode = FALSE
	EndGlobalSection
	GlobalSection(ProjectConfigurationPlatforms) = postSolution
		{1024FF3E-6879-454F-9CD9-E3818DDB94A2}.Debug|Any CPU.ActiveCfg = Debug|Any CPU
		{1024FF3E-6879-454F-9CD9-E3818DDB94A2}.Debug|Any CPU.Build.0 = Debug|Any CPU
		{1024FF3E-6879-454F-9CD9-E3818DDB94A2}.Debug|x64.ActiveCfg = Debug|x64
		{1024FF3E-6879-454F-9CD9-E3818DDB94A2}.Debug|x64.Build.0 = Debug|x64
		{1024FF3E-6879-454F-9CD9-E3818DDB94A2}.Debug|x86.ActiveCfg = Debug|x86
		{1024FF3E-6879-454F-9CD9-E3818DDB94A2}.Debug|x86.Build.0 = Debug|x86
		{1024FF3E-6879-454F-9CD9-E3818DDB94A2}.Release|Any CPU.ActiveCfg = Release|Any CPU
		{1024FF3E-6879-454F-9CD9-E3818DDB94A2}.Release|Any CPU.Build.0 = Release|Any CPU
		{1024FF3E-6879-454F-9CD9-E3818DDB94A2}.Release|x64.ActiveCfg = Release|x64
		{1024FF3E-6879-454F-9CD9-E3818DDB94A2}.Release|x64.Build.0 = Release|x64
		{1024FF3E-6879-454F-9CD9-E3818DDB94A2}.Release|x86.ActiveCfg = Release|x86
		{1024FF3E-6879-454F-9CD9-E3818DDB94A2}.Release|x86.Build.0 = Release|x86
		{3890065C-A060-414E-8C4E-665D3CB74F9D}.Debug|Any CPU.ActiveCfg = Debug|Any CPU
		{3890065C-A060-414E-8C4E-665D3CB74F9D}.Debug|Any CPU.Build.0 = Debug|Any CPU
		{3890065C-A060-414E-8C4E-665D3CB74F9D}.Debug|x64.ActiveCfg = Debug|x64
		{3890065C-A060-414E-8C4E-665D3CB74F9D}.Debug|x64.Build.0 = Debug|x64
		{3890065C-A060-414E-8C4E-665D3CB74F9D}.Debug|x86.ActiveCfg = Debug|x86
		{3890065C-A060-414E-8C4E-665D3CB74F9D}.Debug|x86.Build.0 = Debug|x86
		{3890065C-A060-414E-8C4E-665D3CB74F9D}.Release|Any CPU.ActiveCfg = Release|Any CPU
		{3890065C-A060-414E-8C4E-665D3CB74F9D}.Release|Any CPU.Build.0 = Release|Any CPU
		{3890065C-A060-414E-8C4E-665D3CB74F9D}.Release|x64.ActiveCfg = Release|x64
		{3890065C-A060-414E-8C4E-665D3CB74F9D}.Release|x64.Build.0 = Release|x64
		{3890065C-A060-414E-8C4E-665D3CB74F9D}.Release|x86.ActiveCfg = Release|x86
		{3890065C-A060-414E-8C4E-665D3CB74F9D}.Release|x86.Build.0 = Release|x86
	EndGlobalSection
	GlobalSection(NestedProjects) = preSolution
		{1024FF3E-6879-454F-9CD9-E3818DDB94A2} = {BA8EF7A9-D7B8-4AA0-9A01-477790FBB574}
		{3890065C-A060-414E-8C4E-665D3CB74F9D} = {A72A830F-E0F9-4317-B6CA-315EA1EA4F47}
	EndGlobalSection
EndGlobal
